
Microsoft Visual Studio Solution File, Format Version 12.00
# Visual Studio 14
VisualStudioVersion = 14.0.25420.1
MinimumVisualStudioVersion = 10.0.40219.1
Project("{FAE04EC0-301F-11D3-BF4B-00C04F79EFBC}") = "CSimplest", "CSimplest\CSimplest.csproj", "{41452C50-8048-42AC-9F83-F92EB71B3371}"
EndProject
Project("{FAE04EC0-301F-11D3-BF4B-00C04F79EFBC}") = "Sample", "Sample\Sample.csproj", "{0ADC48C0-54BE-48AA-B4C8-ABD14E19DA6C}"
	ProjectSection(ProjectDependencies) = postProject
		{41452C50-8048-42AC-9F83-F92EB71B3371} = {41452C50-8048-42AC-9F83-F92EB71B3371}
	EndProjectSection
EndProject
Global
	GlobalSection(SolutionConfigurationPlatforms) = preSolution
		Debug|Any CPU = Debug|Any CPU
		Release|Any CPU = Release|Any CPU
	EndGlobalSection
	GlobalSection(ProjectConfigurationPlatforms) = postSolution
		{41452C50-8048-42AC-9F83-F92EB71B3371}.Debug|Any CPU.ActiveCfg = Debug|Any CPU
		{41452C50-8048-42AC-9F83-F92EB71B3371}.Debug|Any CPU.Build.0 = Debug|Any CPU
		{41452C50-8048-42AC-9F83-F92EB71B3371}.Release|Any CPU.ActiveCfg = Release|Any CPU
		{41452C50-8048-42AC-9F83-F92EB71B3371}.Release|Any CPU.Build.0 = Release|Any CPU
		{0ADC48C0-54BE-48AA-B4C8-ABD14E19DA6C}.Debug|Any CPU.ActiveCfg = Debug|Any CPU
		{0ADC48C0-54BE-48AA-B4C8-ABD14E19DA6C}.Debug|Any CPU.Build.0 = Debug|Any CPU
		{0ADC48C0-54BE-48AA-B4C8-ABD14E19DA6C}.Release|Any CPU.ActiveCfg = Release|Any CPU
		{0ADC48C0-54BE-48AA-B4C8-ABD14E19DA6C}.Release|Any CPU.Build.0 = Release|Any CPU
	EndGlobalSection
	GlobalSection(SolutionProperties) = preSolution
		HideSolutionNode = FALSE
	EndGlobalSection
EndGlobal
